// !$*UTF8*$!
{
	archiveVersion = 1;
	classes = {
	};
	objectVersion = 46;
	objects = {

/* Begin PBXBuildFile section */
		192A1DB2672D867A2A07527C /* Pods_WhoMatters.framework in Frameworks */ = {isa = PBXBuildFile; fileRef = D38E8A07CF7D7C414B77C88C /* Pods_WhoMatters.framework */; };
		F11B91E01D3E150100B8F78F /* AppDelegate.swift in Sources */ = {isa = PBXBuildFile; fileRef = F11B91DF1D3E150100B8F78F /* AppDelegate.swift */; };
		F11B91E51D3E150100B8F78F /* Main.storyboard in Resources */ = {isa = PBXBuildFile; fileRef = F11B91E31D3E150100B8F78F /* Main.storyboard */; };
		F11B91E71D3E150100B8F78F /* Assets.xcassets in Resources */ = {isa = PBXBuildFile; fileRef = F11B91E61D3E150100B8F78F /* Assets.xcassets */; };
		F11B91EA1D3E150100B8F78F /* LaunchScreen.storyboard in Resources */ = {isa = PBXBuildFile; fileRef = F11B91E81D3E150100B8F78F /* LaunchScreen.storyboard */; };
		F11B91F21D3E15FB00B8F78F /* LogInViewController.swift in Sources */ = {isa = PBXBuildFile; fileRef = F11B91F11D3E15FB00B8F78F /* LogInViewController.swift */; };
		F11B91F41D3E1B6E00B8F78F /* SignUpViewController.swift in Sources */ = {isa = PBXBuildFile; fileRef = F11B91F31D3E1B6E00B8F78F /* SignUpViewController.swift */; };
		F11B91F61D3E1CB800B8F78F /* RoomCollectionViewController.swift in Sources */ = {isa = PBXBuildFile; fileRef = F11B91F51D3E1CB800B8F78F /* RoomCollectionViewController.swift */; };
		F11B91F81D3E1D0600B8F78F /* CreateRoomViewController.swift in Sources */ = {isa = PBXBuildFile; fileRef = F11B91F71D3E1D0600B8F78F /* CreateRoomViewController.swift */; };
		F11B91FA1D3E1D5800B8F78F /* ProfileTableViewController.swift in Sources */ = {isa = PBXBuildFile; fileRef = F11B91F91D3E1D5800B8F78F /* ProfileTableViewController.swift */; };
		F11B921B1D3E25B500B8F78F /* chatBubbler.png in Resources */ = {isa = PBXBuildFile; fileRef = F11B91FD1D3E25B400B8F78F /* chatBubbler.png */; };
		F11B921C1D3E25B500B8F78F /* chatBubbler@2x.png in Resources */ = {isa = PBXBuildFile; fileRef = F11B91FE1D3E25B400B8F78F /* chatBubbler@2x.png */; };
		F11B921D1D3E25B500B8F78F /* chatBubbler@3x.png in Resources */ = {isa = PBXBuildFile; fileRef = F11B91FF1D3E25B400B8F78F /* chatBubbler@3x.png */; };
		F11B921E1D3E25B500B8F78F /* Contents.json in Resources */ = {isa = PBXBuildFile; fileRef = F11B92001D3E25B400B8F78F /* Contents.json */; };
		F11B921F1D3E25B500B8F78F /* chatBubblerOut.png in Resources */ = {isa = PBXBuildFile; fileRef = F11B92021D3E25B400B8F78F /* chatBubblerOut.png */; };
		F11B92201D3E25B500B8F78F /* chatBubblerOut@2x.png in Resources */ = {isa = PBXBuildFile; fileRef = F11B92031D3E25B400B8F78F /* chatBubblerOut@2x.png */; };
		F11B92211D3E25B500B8F78F /* chatBubblerOut@3x.png in Resources */ = {isa = PBXBuildFile; fileRef = F11B92041D3E25B400B8F78F /* chatBubblerOut@3x.png */; };
		F11B92221D3E25B500B8F78F /* Contents.json in Resources */ = {isa = PBXBuildFile; fileRef = F11B92051D3E25B400B8F78F /* Contents.json */; };
		F11B92231D3E25B500B8F78F /* 1.png in Resources */ = {isa = PBXBuildFile; fileRef = F11B92071D3E25B400B8F78F /* 1.png */; };
		F11B92241D3E25B500B8F78F /* 2.png in Resources */ = {isa = PBXBuildFile; fileRef = F11B92081D3E25B400B8F78F /* 2.png */; };
		F11B92251D3E25B500B8F78F /* 3.png in Resources */ = {isa = PBXBuildFile; fileRef = F11B92091D3E25B400B8F78F /* 3.png */; };
		F11B92261D3E25B500B8F78F /* Contents.json in Resources */ = {isa = PBXBuildFile; fileRef = F11B920A1D3E25B400B8F78F /* Contents.json */; };
		F11B92271D3E25B500B8F78F /* Contents.json in Resources */ = {isa = PBXBuildFile; fileRef = F11B920C1D3E25B400B8F78F /* Contents.json */; };
		F11B92281D3E25B500B8F78F /* logo.png in Resources */ = {isa = PBXBuildFile; fileRef = F11B920D1D3E25B400B8F78F /* logo.png */; };
		F11B92291D3E25B500B8F78F /* logo@2x.png in Resources */ = {isa = PBXBuildFile; fileRef = F11B920E1D3E25B400B8F78F /* logo@2x.png */; };
		F11B922A1D3E25B500B8F78F /* logo@3x.png in Resources */ = {isa = PBXBuildFile; fileRef = F11B920F1D3E25B400B8F78F /* logo@3x.png */; };
		F11B922B1D3E25B500B8F78F /* photo1.jpg in Resources */ = {isa = PBXBuildFile; fileRef = F11B92101D3E25B400B8F78F /* photo1.jpg */; };
		F11B922C1D3E25B500B8F78F /* photo2.jpg in Resources */ = {isa = PBXBuildFile; fileRef = F11B92111D3E25B400B8F78F /* photo2.jpg */; };
		F11B922D1D3E25B500B8F78F /* photo3.jpg in Resources */ = {isa = PBXBuildFile; fileRef = F11B92121D3E25B400B8F78F /* photo3.jpg */; };
		F11B922E1D3E25B500B8F78F /* Contents.json in Resources */ = {isa = PBXBuildFile; fileRef = F11B92141D3E25B400B8F78F /* Contents.json */; };
		F11B922F1D3E25B500B8F78F /* profileImage.png in Resources */ = {isa = PBXBuildFile; fileRef = F11B92151D3E25B400B8F78F /* profileImage.png */; };
		F11B92301D3E25B500B8F78F /* profileImage@2x.png in Resources */ = {isa = PBXBuildFile; fileRef = F11B92161D3E25B400B8F78F /* profileImage@2x.png */; };
		F11B92311D3E25B500B8F78F /* profileImage@3x.png in Resources */ = {isa = PBXBuildFile; fileRef = F11B92171D3E25B400B8F78F /* profileImage@3x.png */; };
		F11B92321D3E25B500B8F78F /* Contents.json in Resources */ = {isa = PBXBuildFile; fileRef = F11B92191D3E25B400B8F78F /* Contents.json */; };
		F11B92331D3E25B500B8F78F /* user_menu.png in Resources */ = {isa = PBXBuildFile; fileRef = F11B921A1D3E25B400B8F78F /* user_menu.png */; };
		F11B92351D3F57CC00B8F78F /* ChatViewController.swift in Sources */ = {isa = PBXBuildFile; fileRef = F11B92341D3F57CC00B8F78F /* ChatViewController.swift */; };
		F1E052341D40874100062EC1 /* GoogleService-Info.plist in Resources */ = {isa = PBXBuildFile; fileRef = F1E052331D40874100062EC1 /* GoogleService-Info.plist */; };
		F1E052361D40B65500062EC1 /* DataService.swift in Sources */ = {isa = PBXBuildFile; fileRef = F1E052351D40B65500062EC1 /* DataService.swift */; };
		F1E0523B1D413A3400062EC1 /* ProgressHUD.bundle in Resources */ = {isa = PBXBuildFile; fileRef = F1E052381D413A3400062EC1 /* ProgressHUD.bundle */; };
		F1E0523C1D413A3400062EC1 /* ProgressHUD.m in Sources */ = {isa = PBXBuildFile; fileRef = F1E0523A1D413A3400062EC1 /* ProgressHUD.m */; };
/* End PBXBuildFile section */

/* Begin PBXFileReference section */
		62A6758A1534D6A7942D8A56 /* Pods-WhoMatters.release.xcconfig */ = {isa = PBXFileReference; includeInIndex = 1; lastKnownFileType = text.xcconfig; name = "Pods-WhoMatters.release.xcconfig"; path = "Pods/Target Support Files/Pods-WhoMatters/Pods-WhoMatters.release.xcconfig"; sourceTree = "<group>"; };
		D38E8A07CF7D7C414B77C88C /* Pods_WhoMatters.framework */ = {isa = PBXFileReference; explicitFileType = wrapper.framework; includeInIndex = 0; path = Pods_WhoMatters.framework; sourceTree = BUILT_PRODUCTS_DIR; };
		F11B91DC1D3E150100B8F78F /* WhoMatters.app */ = {isa = PBXFileReference; explicitFileType = wrapper.application; includeInIndex = 0; path = WhoMatters.app; sourceTree = BUILT_PRODUCTS_DIR; };
		F11B91DF1D3E150100B8F78F /* AppDelegate.swift */ = {isa = PBXFileReference; lastKnownFileType = sourcecode.swift; path = AppDelegate.swift; sourceTree = "<group>"; };
		F11B91E41D3E150100B8F78F /* Base */ = {isa = PBXFileReference; lastKnownFileType = file.storyboard; name = Base; path = Base.lproj/Main.storyboard; sourceTree = "<group>"; };
		F11B91E61D3E150100B8F78F /* Assets.xcassets */ = {isa = PBXFileReference; lastKnownFileType = folder.assetcatalog; path = Assets.xcassets; sourceTree = "<group>"; };
		F11B91E91D3E150100B8F78F /* Base */ = {isa = PBXFileReference; lastKnownFileType = file.storyboard; name = Base; path = Base.lproj/LaunchScreen.storyboard; sourceTree = "<group>"; };
		F11B91EB1D3E150100B8F78F /* Info.plist */ = {isa = PBXFileReference; lastKnownFileType = text.plist.xml; path = Info.plist; sourceTree = "<group>"; };
		F11B91F11D3E15FB00B8F78F /* LogInViewController.swift */ = {isa = PBXFileReference; fileEncoding = 4; lastKnownFileType = sourcecode.swift; path = LogInViewController.swift; sourceTree = "<group>"; };
		F11B91F31D3E1B6E00B8F78F /* SignUpViewController.swift */ = {isa = PBXFileReference; fileEncoding = 4; lastKnownFileType = sourcecode.swift; path = SignUpViewController.swift; sourceTree = "<group>"; };
		F11B91F51D3E1CB800B8F78F /* RoomCollectionViewController.swift */ = {isa = PBXFileReference; fileEncoding = 4; lastKnownFileType = sourcecode.swift; path = RoomCollectionViewController.swift; sourceTree = "<group>"; };
		F11B91F71D3E1D0600B8F78F /* CreateRoomViewController.swift */ = {isa = PBXFileReference; fileEncoding = 4; lastKnownFileType = sourcecode.swift; path = CreateRoomViewController.swift; sourceTree = "<group>"; };
		F11B91F91D3E1D5800B8F78F /* ProfileTableViewController.swift */ = {isa = PBXFileReference; fileEncoding = 4; lastKnownFileType = sourcecode.swift; path = ProfileTableViewController.swift; sourceTree = "<group>"; };
		F11B91FD1D3E25B400B8F78F /* chatBubbler.png */ = {isa = PBXFileReference; lastKnownFileType = image.png; path = chatBubbler.png; sourceTree = "<group>"; };
		F11B91FE1D3E25B400B8F78F /* chatBubbler@2x.png */ = {isa = PBXFileReference; lastKnownFileType = image.png; path = "chatBubbler@2x.png"; sourceTree = "<group>"; };
		F11B91FF1D3E25B400B8F78F /* chatBubbler@3x.png */ = {isa = PBXFileReference; lastKnownFileType = image.png; path = "chatBubbler@3x.png"; sourceTree = "<group>"; };
		F11B92001D3E25B400B8F78F /* Contents.json */ = {isa = PBXFileReference; fileEncoding = 4; lastKnownFileType = text.json; path = Contents.json; sourceTree = "<group>"; };
		F11B92021D3E25B400B8F78F /* chatBubblerOut.png */ = {isa = PBXFileReference; lastKnownFileType = image.png; path = chatBubblerOut.png; sourceTree = "<group>"; };
		F11B92031D3E25B400B8F78F /* chatBubblerOut@2x.png */ = {isa = PBXFileReference; lastKnownFileType = image.png; path = "chatBubblerOut@2x.png"; sourceTree = "<group>"; };
		F11B92041D3E25B400B8F78F /* chatBubblerOut@3x.png */ = {isa = PBXFileReference; lastKnownFileType = image.png; path = "chatBubblerOut@3x.png"; sourceTree = "<group>"; };
		F11B92051D3E25B400B8F78F /* Contents.json */ = {isa = PBXFileReference; fileEncoding = 4; lastKnownFileType = text.json; path = Contents.json; sourceTree = "<group>"; };
		F11B92071D3E25B400B8F78F /* 1.png */ = {isa = PBXFileReference; lastKnownFileType = image.png; path = 1.png; sourceTree = "<group>"; };
		F11B92081D3E25B400B8F78F /* 2.png */ = {isa = PBXFileReference; lastKnownFileType = image.png; path = 2.png; sourceTree = "<group>"; };
		F11B92091D3E25B400B8F78F /* 3.png */ = {isa = PBXFileReference; lastKnownFileType = image.png; path = 3.png; sourceTree = "<group>"; };
		F11B920A1D3E25B400B8F78F /* Contents.json */ = {isa = PBXFileReference; fileEncoding = 4; lastKnownFileType = text.json; path = Contents.json; sourceTree = "<group>"; };
		F11B920C1D3E25B400B8F78F /* Contents.json */ = {isa = PBXFileReference; fileEncoding = 4; lastKnownFileType = text.json; path = Contents.json; sourceTree = "<group>"; };
		F11B920D1D3E25B400B8F78F /* logo.png */ = {isa = PBXFileReference; lastKnownFileType = image.png; path = logo.png; sourceTree = "<group>"; };
		F11B920E1D3E25B400B8F78F /* logo@2x.png */ = {isa = PBXFileReference; lastKnownFileType = image.png; path = "logo@2x.png"; sourceTree = "<group>"; };
		F11B920F1D3E25B400B8F78F /* logo@3x.png */ = {isa = PBXFileReference; lastKnownFileType = image.png; path = "logo@3x.png"; sourceTree = "<group>"; };
		F11B92101D3E25B400B8F78F /* photo1.jpg */ = {isa = PBXFileReference; lastKnownFileType = image.jpeg; path = photo1.jpg; sourceTree = "<group>"; };
		F11B92111D3E25B400B8F78F /* photo2.jpg */ = {isa = PBXFileReference; lastKnownFileType = image.jpeg; path = photo2.jpg; sourceTree = "<group>"; };
		F11B92121D3E25B400B8F78F /* photo3.jpg */ = {isa = PBXFileReference; lastKnownFileType = image.jpeg; path = photo3.jpg; sourceTree = "<group>"; };
		F11B92141D3E25B400B8F78F /* Contents.json */ = {isa = PBXFileReference; fileEncoding = 4; lastKnownFileType = text.json; path = Contents.json; sourceTree = "<group>"; };
		F11B92151D3E25B400B8F78F /* profileImage.png */ = {isa = PBXFileReference; lastKnownFileType = image.png; path = profileImage.png; sourceTree = "<group>"; };
		F11B92161D3E25B400B8F78F /* profileImage@2x.png */ = {isa = PBXFileReference; lastKnownFileType = image.png; path = "profileImage@2x.png"; sourceTree = "<group>"; };
		F11B92171D3E25B400B8F78F /* profileImage@3x.png */ = {isa = PBXFileReference; lastKnownFileType = image.png; path = "profileImage@3x.png"; sourceTree = "<group>"; };
		F11B92191D3E25B400B8F78F /* Contents.json */ = {isa = PBXFileReference; fileEncoding = 4; lastKnownFileType = text.json; path = Contents.json; sourceTree = "<group>"; };
		F11B921A1D3E25B400B8F78F /* user_menu.png */ = {isa = PBXFileReference; lastKnownFileType = image.png; path = user_menu.png; sourceTree = "<group>"; };
		F11B92341D3F57CC00B8F78F /* ChatViewController.swift */ = {isa = PBXFileReference; fileEncoding = 4; lastKnownFileType = sourcecode.swift; path = ChatViewController.swift; sourceTree = "<group>"; };
		F1E052331D40874100062EC1 /* GoogleService-Info.plist */ = {isa = PBXFileReference; fileEncoding = 4; lastKnownFileType = text.plist.xml; path = "GoogleService-Info.plist"; sourceTree = "<group>"; };
		F1E052351D40B65500062EC1 /* DataService.swift */ = {isa = PBXFileReference; fileEncoding = 4; lastKnownFileType = sourcecode.swift; path = DataService.swift; sourceTree = "<group>"; };
		F1E052371D413A3100062EC1 /* WhoMatters-Bridging-Header.h */ = {isa = PBXFileReference; lastKnownFileType = sourcecode.c.h; path = "WhoMatters-Bridging-Header.h"; sourceTree = "<group>"; };
		F1E052381D413A3400062EC1 /* ProgressHUD.bundle */ = {isa = PBXFileReference; lastKnownFileType = "wrapper.plug-in"; path = ProgressHUD.bundle; sourceTree = "<group>"; };
		F1E052391D413A3400062EC1 /* ProgressHUD.h */ = {isa = PBXFileReference; fileEncoding = 4; lastKnownFileType = sourcecode.c.h; path = ProgressHUD.h; sourceTree = "<group>"; };
		F1E0523A1D413A3400062EC1 /* ProgressHUD.m */ = {isa = PBXFileReference; fileEncoding = 4; lastKnownFileType = sourcecode.c.objc; path = ProgressHUD.m; sourceTree = "<group>"; };
		F58212773772DAB86BCBD5FD /* Pods-WhoMatters.debug.xcconfig */ = {isa = PBXFileReference; includeInIndex = 1; lastKnownFileType = text.xcconfig; name = "Pods-WhoMatters.debug.xcconfig"; path = "Pods/Target Support Files/Pods-WhoMatters/Pods-WhoMatters.debug.xcconfig"; sourceTree = "<group>"; };
/* End PBXFileReference section */

/* Begin PBXFrameworksBuildPhase section */
		F11B91D91D3E150100B8F78F /* Frameworks */ = {
			isa = PBXFrameworksBuildPhase;
			buildActionMask = 2147483647;
			files = (
				192A1DB2672D867A2A07527C /* Pods_WhoMatters.framework in Frameworks */,
			);
			runOnlyForDeploymentPostprocessing = 0;
		};
/* End PBXFrameworksBuildPhase section */

/* Begin PBXGroup section */
		02100B318FC26E6039754D72 /* Pods */ = {
			isa = PBXGroup;
			children = (
				F58212773772DAB86BCBD5FD /* Pods-WhoMatters.debug.xcconfig */,
				62A6758A1534D6A7942D8A56 /* Pods-WhoMatters.release.xcconfig */,
			);
			name = Pods;
			sourceTree = "<group>";
		};
		8F7FEC4D07C7114F21C63F8C /* Frameworks */ = {
			isa = PBXGroup;
			children = (
				D38E8A07CF7D7C414B77C88C /* Pods_WhoMatters.framework */,
			);
			name = Frameworks;
			sourceTree = "<group>";
		};
		F11B91D31D3E150100B8F78F = {
			isa = PBXGroup;
			children = (
				F11B91DE1D3E150100B8F78F /* WhoMatters */,
				F11B91DD1D3E150100B8F78F /* Products */,
				02100B318FC26E6039754D72 /* Pods */,
				8F7FEC4D07C7114F21C63F8C /* Frameworks */,
			);
			sourceTree = "<group>";
		};
		F11B91DD1D3E150100B8F78F /* Products */ = {
			isa = PBXGroup;
			children = (
				F11B91DC1D3E150100B8F78F /* WhoMatters.app */,
			);
			name = Products;
			sourceTree = "<group>";
		};
		F11B91DE1D3E150100B8F78F /* WhoMatters */ = {
			isa = PBXGroup;
			children = (
				F11B91DF1D3E150100B8F78F /* AppDelegate.swift */,
				F1E052351D40B65500062EC1 /* DataService.swift */,
				F1E052321D407BD100062EC1 /* ViewControllers */,
				F11B91FB1D3E25B400B8F78F /* Resources */,
				F11B91E31D3E150100B8F78F /* Main.storyboard */,
				F11B91E61D3E150100B8F78F /* Assets.xcassets */,
				F11B91E81D3E150100B8F78F /* LaunchScreen.storyboard */,
				F11B91EB1D3E150100B8F78F /* Info.plist */,
				F1E052331D40874100062EC1 /* GoogleService-Info.plist */,
				F1E052381D413A3400062EC1 /* ProgressHUD.bundle */,
				F1E052391D413A3400062EC1 /* ProgressHUD.h */,
				F1E0523A1D413A3400062EC1 /* ProgressHUD.m */,
				F1E052371D413A3100062EC1 /* WhoMatters-Bridging-Header.h */,
			);
			path = WhoMatters;
			sourceTree = "<group>";
		};
		F11B91FB1D3E25B400B8F78F /* Resources */ = {
			isa = PBXGroup;
			children = (
				F11B91FC1D3E25B400B8F78F /* chatBubbler.imageset */,
				F11B92011D3E25B400B8F78F /* chatBubblerOut.imageset */,
				F11B92061D3E25B400B8F78F /* dismissButt.imageset */,
				F11B920B1D3E25B400B8F78F /* logo.imageset */,
				F11B92101D3E25B400B8F78F /* photo1.jpg */,
				F11B92111D3E25B400B8F78F /* photo2.jpg */,
				F11B92121D3E25B400B8F78F /* photo3.jpg */,
				F11B92131D3E25B400B8F78F /* profileImage.imageset */,
				F11B92181D3E25B400B8F78F /* user_menu.imageset */,
			);
			path = Resources;
			sourceTree = "<group>";
		};
		F11B91FC1D3E25B400B8F78F /* chatBubbler.imageset */ = {
			isa = PBXGroup;
			children = (
				F11B91FD1D3E25B400B8F78F /* chatBubbler.png */,
				F11B91FE1D3E25B400B8F78F /* chatBubbler@2x.png */,
				F11B91FF1D3E25B400B8F78F /* chatBubbler@3x.png */,
				F11B92001D3E25B400B8F78F /* Contents.json */,
			);
			path = chatBubbler.imageset;
			sourceTree = "<group>";
		};
		F11B92011D3E25B400B8F78F /* chatBubblerOut.imageset */ = {
			isa = PBXGroup;
			children = (
				F11B92021D3E25B400B8F78F /* chatBubblerOut.png */,
				F11B92031D3E25B400B8F78F /* chatBubblerOut@2x.png */,
				F11B92041D3E25B400B8F78F /* chatBubblerOut@3x.png */,
				F11B92051D3E25B400B8F78F /* Contents.json */,
			);
			path = chatBubblerOut.imageset;
			sourceTree = "<group>";
		};
		F11B92061D3E25B400B8F78F /* dismissButt.imageset */ = {
			isa = PBXGroup;
			children = (
				F11B92071D3E25B400B8F78F /* 1.png */,
				F11B92081D3E25B400B8F78F /* 2.png */,
				F11B92091D3E25B400B8F78F /* 3.png */,
				F11B920A1D3E25B400B8F78F /* Contents.json */,
			);
			path = dismissButt.imageset;
			sourceTree = "<group>";
		};
		F11B920B1D3E25B400B8F78F /* logo.imageset */ = {
			isa = PBXGroup;
			children = (
				F11B920C1D3E25B400B8F78F /* Contents.json */,
				F11B920D1D3E25B400B8F78F /* logo.png */,
				F11B920E1D3E25B400B8F78F /* logo@2x.png */,
				F11B920F1D3E25B400B8F78F /* logo@3x.png */,
			);
			path = logo.imageset;
			sourceTree = "<group>";
		};
		F11B92131D3E25B400B8F78F /* profileImage.imageset */ = {
			isa = PBXGroup;
			children = (
				F11B92141D3E25B400B8F78F /* Contents.json */,
				F11B92151D3E25B400B8F78F /* profileImage.png */,
				F11B92161D3E25B400B8F78F /* profileImage@2x.png */,
				F11B92171D3E25B400B8F78F /* profileImage@3x.png */,
			);
			path = profileImage.imageset;
			sourceTree = "<group>";
		};
		F11B92181D3E25B400B8F78F /* user_menu.imageset */ = {
			isa = PBXGroup;
			children = (
				F11B92191D3E25B400B8F78F /* Contents.json */,
				F11B921A1D3E25B400B8F78F /* user_menu.png */,
			);
			path = user_menu.imageset;
			sourceTree = "<group>";
		};
		F1E052301D407B9800062EC1 /* LogIn, SignUp VC */ = {
			isa = PBXGroup;
			children = (
				F11B91F11D3E15FB00B8F78F /* LogInViewController.swift */,
				F11B91F31D3E1B6E00B8F78F /* SignUpViewController.swift */,
			);
			name = "LogIn, SignUp VC";
			sourceTree = "<group>";
		};
		F1E052311D407BB700062EC1 /* Room VC */ = {
			isa = PBXGroup;
			children = (
				F11B91F51D3E1CB800B8F78F /* RoomCollectionViewController.swift */,
				F11B91F71D3E1D0600B8F78F /* CreateRoomViewController.swift */,
			);
			name = "Room VC";
			sourceTree = "<group>";
		};
		F1E052321D407BD100062EC1 /* ViewControllers */ = {
			isa = PBXGroup;
			children = (
				F1E052301D407B9800062EC1 /* LogIn, SignUp VC */,
				F1E052311D407BB700062EC1 /* Room VC */,
				F11B91F91D3E1D5800B8F78F /* ProfileTableViewController.swift */,
				F11B92341D3F57CC00B8F78F /* ChatViewController.swift */,
			);
			name = ViewControllers;
			sourceTree = "<group>";
		};
/* End PBXGroup section */

/* Begin PBXNativeTarget section */
		F11B91DB1D3E150100B8F78F /* WhoMatters */ = {
			isa = PBXNativeTarget;
			buildConfigurationList = F11B91EE1D3E150100B8F78F /* Build configuration list for PBXNativeTarget "WhoMatters" */;
			buildPhases = (
				4CDE184CA90E0D2B964FD7B8 /* [CP] Check Pods Manifest.lock */,
				F11B91D81D3E150100B8F78F /* Sources */,
				F11B91D91D3E150100B8F78F /* Frameworks */,
				F11B91DA1D3E150100B8F78F /* Resources */,
				628849BC9FAF5F327BBE2307 /* [CP] Embed Pods Frameworks */,
				BE262667AF801D1BCDC6C1C5 /* [CP] Copy Pods Resources */,
			);
			buildRules = (
			);
			dependencies = (
			);
			name = WhoMatters;
			productName = WhoMatters;
			productReference = F11B91DC1D3E150100B8F78F /* WhoMatters.app */;
			productType = "com.apple.product-type.application";
		};
/* End PBXNativeTarget section */

/* Begin PBXProject section */
		F11B91D41D3E150100B8F78F /* Project object */ = {
			isa = PBXProject;
			attributes = {
				LastSwiftUpdateCheck = 0730;
				LastUpgradeCheck = 0730;
				ORGANIZATIONNAME = "Ow Zhiyin";
				TargetAttributes = {
					F11B91DB1D3E150100B8F78F = {
						CreatedOnToolsVersion = 7.3;
					};
				};
			};
			buildConfigurationList = F11B91D71D3E150100B8F78F /* Build configuration list for PBXProject "WhoMatters" */;
			compatibilityVersion = "Xcode 3.2";
			developmentRegion = English;
			hasScannedForEncodings = 0;
			knownRegions = (
				en,
				Base,
			);
			mainGroup = F11B91D31D3E150100B8F78F;
			productRefGroup = F11B91DD1D3E150100B8F78F /* Products */;
			projectDirPath = "";
			projectRoot = "";
			targets = (
				F11B91DB1D3E150100B8F78F /* WhoMatters */,
			);
		};
/* End PBXProject section */

/* Begin PBXResourcesBuildPhase section */
		F11B91DA1D3E150100B8F78F /* Resources */ = {
			isa = PBXResourcesBuildPhase;
			buildActionMask = 2147483647;
			files = (
				F11B922B1D3E25B500B8F78F /* photo1.jpg in Resources */,
				F11B92241D3E25B500B8F78F /* 2.png in Resources */,
				F11B921D1D3E25B500B8F78F /* chatBubbler@3x.png in Resources */,
				F11B92211D3E25B500B8F78F /* chatBubblerOut@3x.png in Resources */,
				F1E052341D40874100062EC1 /* GoogleService-Info.plist in Resources */,
				F11B92271D3E25B500B8F78F /* Contents.json in Resources */,
				F11B921B1D3E25B500B8F78F /* chatBubbler.png in Resources */,
				F11B92281D3E25B500B8F78F /* logo.png in Resources */,
				F1E0523B1D413A3400062EC1 /* ProgressHUD.bundle in Resources */,
				F11B92331D3E25B500B8F78F /* user_menu.png in Resources */,
				F11B921C1D3E25B500B8F78F /* chatBubbler@2x.png in Resources */,
				F11B922A1D3E25B500B8F78F /* logo@3x.png in Resources */,
				F11B92291D3E25B500B8F78F /* logo@2x.png in Resources */,
				F11B92261D3E25B500B8F78F /* Contents.json in Resources */,
				F11B92251D3E25B500B8F78F /* 3.png in Resources */,
				F11B92201D3E25B500B8F78F /* chatBubblerOut@2x.png in Resources */,
				F11B921F1D3E25B500B8F78F /* chatBubblerOut.png in Resources */,
				F11B92301D3E25B500B8F78F /* profileImage@2x.png in Resources */,
				F11B91EA1D3E150100B8F78F /* LaunchScreen.storyboard in Resources */,
				F11B91E71D3E150100B8F78F /* Assets.xcassets in Resources */,
				F11B922D1D3E25B500B8F78F /* photo3.jpg in Resources */,
				F11B922E1D3E25B500B8F78F /* Contents.json in Resources */,
				F11B922C1D3E25B500B8F78F /* photo2.jpg in Resources */,
				F11B92321D3E25B500B8F78F /* Contents.json in Resources */,
				F11B91E51D3E150100B8F78F /* Main.storyboard in Resources */,
				F11B92311D3E25B500B8F78F /* profileImage@3x.png in Resources */,
				F11B92231D3E25B500B8F78F /* 1.png in Resources */,
				F11B92221D3E25B500B8F78F /* Contents.json in Resources */,
				F11B921E1D3E25B500B8F78F /* Contents.json in Resources */,
				F11B922F1D3E25B500B8F78F /* profileImage.png in Resources */,
			);
			runOnlyForDeploymentPostprocessing = 0;
		};
/* End PBXResourcesBuildPhase section */

/* Begin PBXShellScriptBuildPhase section */
		4CDE184CA90E0D2B964FD7B8 /* [CP] Check Pods Manifest.lock */ = {
			isa = PBXShellScriptBuildPhase;
			buildActionMask = 2147483647;
			files = (
			);
			inputPaths = (
			);
			name = "[CP] Check Pods Manifest.lock";
			outputPaths = (
			);
			runOnlyForDeploymentPostprocessing = 0;
			shellPath = /bin/sh;
			shellScript = "diff \"${PODS_ROOT}/../Podfile.lock\" \"${PODS_ROOT}/Manifest.lock\" > /dev/null\nif [[ $? != 0 ]] ; then\n    cat << EOM\nerror: The sandbox is not in sync with the Podfile.lock. Run 'pod install' or update your CocoaPods installation.\nEOM\n    exit 1\nfi\n";
			showEnvVarsInLog = 0;
		};
		628849BC9FAF5F327BBE2307 /* [CP] Embed Pods Frameworks */ = {
			isa = PBXShellScriptBuildPhase;
			buildActionMask = 2147483647;
			files = (
			);
			inputPaths = (
			);
			name = "[CP] Embed Pods Frameworks";
			outputPaths = (
			);
			runOnlyForDeploymentPostprocessing = 0;
			shellPath = /bin/sh;
			shellScript = "\"${SRCROOT}/Pods/Target Support Files/Pods-WhoMatters/Pods-WhoMatters-frameworks.sh\"\n";
			showEnvVarsInLog = 0;
		};
		BE262667AF801D1BCDC6C1C5 /* [CP] Copy Pods Resources */ = {
			isa = PBXShellScriptBuildPhase;
			buildActionMask = 2147483647;
			files = (
			);
			inputPaths = (
			);
			name = "[CP] Copy Pods Resources";
			outputPaths = (
			);
			runOnlyForDeploymentPostprocessing = 0;
			shellPath = /bin/sh;
			shellScript = "\"${SRCROOT}/Pods/Target Support Files/Pods-WhoMatters/Pods-WhoMatters-resources.sh\"\n";
			showEnvVarsInLog = 0;
		};
/* End PBXShellScriptBuildPhase section */

/* Begin PBXSourcesBuildPhase section */
		F11B91D81D3E150100B8F78F /* Sources */ = {
			isa = PBXSourcesBuildPhase;
			buildActionMask = 2147483647;
			files = (
				F1E0523C1D413A3400062EC1 /* ProgressHUD.m in Sources */,
				F11B91FA1D3E1D5800B8F78F /* ProfileTableViewController.swift in Sources */,
				F11B91F41D3E1B6E00B8F78F /* SignUpViewController.swift in Sources */,
				F11B91F61D3E1CB800B8F78F /* RoomCollectionViewController.swift in Sources */,
				F11B92351D3F57CC00B8F78F /* ChatViewController.swift in Sources */,
				F11B91F21D3E15FB00B8F78F /* LogInViewController.swift in Sources */,
				F11B91E01D3E150100B8F78F /* AppDelegate.swift in Sources */,
				F11B91F81D3E1D0600B8F78F /* CreateRoomViewController.swift in Sources */,
				F1E052361D40B65500062EC1 /* DataService.swift in Sources */,
			);
			runOnlyForDeploymentPostprocessing = 0;
		};
/* End PBXSourcesBuildPhase section */

/* Begin PBXVariantGroup section */
		F11B91E31D3E150100B8F78F /* Main.storyboard */ = {
			isa = PBXVariantGroup;
			children = (
				F11B91E41D3E150100B8F78F /* Base */,
			);
			name = Main.storyboard;
			sourceTree = "<group>";
		};
		F11B91E81D3E150100B8F78F /* LaunchScreen.storyboard */ = {
			isa = PBXVariantGroup;
			children = (
				F11B91E91D3E150100B8F78F /* Base */,
			);
			name = LaunchScreen.storyboard;
			sourceTree = "<group>";
		};
/* End PBXVariantGroup section */

/* Begin XCBuildConfiguration section */
		F11B91EC1D3E150100B8F78F /* Debug */ = {
			isa = XCBuildConfiguration;
			buildSettings = {
				ALWAYS_SEARCH_USER_PATHS = NO;
				CLANG_ANALYZER_NONNULL = YES;
				CLANG_CXX_LANGUAGE_STANDARD = "gnu++0x";
				CLANG_CXX_LIBRARY = "libc++";
				CLANG_ENABLE_MODULES = YES;
				CLANG_ENABLE_OBJC_ARC = YES;
				CLANG_WARN_BOOL_CONVERSION = YES;
				CLANG_WARN_CONSTANT_CONVERSION = YES;
				CLANG_WARN_DIRECT_OBJC_ISA_USAGE = YES_ERROR;
				CLANG_WARN_EMPTY_BODY = YES;
				CLANG_WARN_ENUM_CONVERSION = YES;
				CLANG_WARN_INT_CONVERSION = YES;
				CLANG_WARN_OBJC_ROOT_CLASS = YES_ERROR;
				CLANG_WARN_UNREACHABLE_CODE = YES;
				CLANG_WARN__DUPLICATE_METHOD_MATCH = YES;
				"CODE_SIGN_IDENTITY[sdk=iphoneos*]" = "iPhone Developer";
				COPY_PHASE_STRIP = NO;
				DEBUG_INFORMATION_FORMAT = dwarf;
				ENABLE_STRICT_OBJC_MSGSEND = YES;
				ENABLE_TESTABILITY = YES;
				GCC_C_LANGUAGE_STANDARD = gnu99;
				GCC_DYNAMIC_NO_PIC = NO;
				GCC_NO_COMMON_BLOCKS = YES;
				GCC_OPTIMIZATION_LEVEL = 0;
				GCC_PREPROCESSOR_DEFINITIONS = (
					"DEBUG=1",
					"$(inherited)",
				);
				GCC_WARN_64_TO_32_BIT_CONVERSION = YES;
				GCC_WARN_ABOUT_RETURN_TYPE = YES_ERROR;
				GCC_WARN_UNDECLARED_SELECTOR = YES;
				GCC_WARN_UNINITIALIZED_AUTOS = YES_AGGRESSIVE;
				GCC_WARN_UNUSED_FUNCTION = YES;
				GCC_WARN_UNUSED_VARIABLE = YES;
				IPHONEOS_DEPLOYMENT_TARGET = 9.3;
				MTL_ENABLE_DEBUG_INFO = YES;
				ONLY_ACTIVE_ARCH = YES;
				SDKROOT = iphoneos;
				SWIFT_OPTIMIZATION_LEVEL = "-Onone";
			};
			name = Debug;
		};
		F11B91ED1D3E150100B8F78F /* Release */ = {
			isa = XCBuildConfiguration;
			buildSettings = {
				ALWAYS_SEARCH_USER_PATHS = NO;
				CLANG_ANALYZER_NONNULL = YES;
				CLANG_CXX_LANGUAGE_STANDARD = "gnu++0x";
				CLANG_CXX_LIBRARY = "libc++";
				CLANG_ENABLE_MODULES = YES;
				CLANG_ENABLE_OBJC_ARC = YES;
				CLANG_WARN_BOOL_CONVERSION = YES;
				CLANG_WARN_CONSTANT_CONVERSION = YES;
				CLANG_WARN_DIRECT_OBJC_ISA_USAGE = YES_ERROR;
				CLANG_WARN_EMPTY_BODY = YES;
				CLANG_WARN_ENUM_CONVERSION = YES;
				CLANG_WARN_INT_CONVERSION = YES;
				CLANG_WARN_OBJC_ROOT_CLASS = YES_ERROR;
				CLANG_WARN_UNREACHABLE_CODE = YES;
				CLANG_WARN__DUPLICATE_METHOD_MATCH = YES;
				"CODE_SIGN_IDENTITY[sdk=iphoneos*]" = "iPhone Developer";
				COPY_PHASE_STRIP = NO;
				DEBUG_INFORMATION_FORMAT = "dwarf-with-dsym";
				ENABLE_NS_ASSERTIONS = NO;
				ENABLE_STRICT_OBJC_MSGSEND = YES;
				GCC_C_LANGUAGE_STANDARD = gnu99;
				GCC_NO_COMMON_BLOCKS = YES;
				GCC_WARN_64_TO_32_BIT_CONVERSION = YES;
				GCC_WARN_ABOUT_RETURN_TYPE = YES_ERROR;
				GCC_WARN_UNDECLARED_SELECTOR = YES;
				GCC_WARN_UNINITIALIZED_AUTOS = YES_AGGRESSIVE;
				GCC_WARN_UNUSED_FUNCTION = YES;
				GCC_WARN_UNUSED_VARIABLE = YES;
				IPHONEOS_DEPLOYMENT_TARGET = 9.3;
				MTL_ENABLE_DEBUG_INFO = NO;
				SDKROOT = iphoneos;
				VALIDATE_PRODUCT = YES;
			};
			name = Release;
		};
		F11B91EF1D3E150100B8F78F /* Debug */ = {
			isa = XCBuildConfiguration;
			baseConfigurationReference = F58212773772DAB86BCBD5FD /* Pods-WhoMatters.debug.xcconfig */;
			buildSettings = {
				ASSETCATALOG_COMPILER_APPICON_NAME = AppIcon;
				CLANG_ENABLE_MODULES = YES;
				INFOPLIST_FILE = WhoMatters/Info.plist;
				LD_RUNPATH_SEARCH_PATHS = "$(inherited) @executable_path/Frameworks";
				PRODUCT_BUNDLE_IDENTIFIER = com.owzhiyin.WhoMatters;
				PRODUCT_NAME = "$(TARGET_NAME)";
				SWIFT_OBJC_BRIDGING_HEADER = "WhoMatters/WhoMatters-Bridging-Header.h";
				SWIFT_OPTIMIZATION_LEVEL = "-Onone";
			};
			name = Debug;
		};
		F11B91F01D3E150100B8F78F /* Release */ = {
			isa = XCBuildConfiguration;
			baseConfigurationReference = 62A6758A1534D6A7942D8A56 /* Pods-WhoMatters.release.xcconfig */;
			buildSettings = {
				ASSETCATALOG_COMPILER_APPICON_NAME = AppIcon;
				CLANG_ENABLE_MODULES = YES;
				INFOPLIST_FILE = WhoMatters/Info.plist;
				LD_RUNPATH_SEARCH_PATHS = "$(inherited) @executable_path/Frameworks";
				PRODUCT_BUNDLE_IDENTIFIER = com.owzhiyin.WhoMatters;
				PRODUCT_NAME = "$(TARGET_NAME)";
				SWIFT_OBJC_BRIDGING_HEADER = "WhoMatters/WhoMatters-Bridging-Header.h";
			};
			name = Release;
		};
/* End XCBuildConfiguration section */

/* Begin XCConfigurationList section */
		F11B91D71D3E150100B8F78F /* Build configuration list for PBXProject "WhoMatters" */ = {
			isa = XCConfigurationList;
			buildConfigurations = (
				F11B91EC1D3E150100B8F78F /* Debug */,
				F11B91ED1D3E150100B8F78F /* Release */,
			);
			defaultConfigurationIsVisible = 0;
			defaultConfigurationName = Release;
		};
		F11B91EE1D3E150100B8F78F /* Build configuration list for PBXNativeTarget "WhoMatters" */ = {
			isa = XCConfigurationList;
			buildConfigurations = (
				F11B91EF1D3E150100B8F78F /* Debug */,
				F11B91F01D3E150100B8F78F /* Release */,
			);
			defaultConfigurationIsVisible = 0;
			defaultConfigurationName = Release;
		};
/* End XCConfigurationList section */
	};
	rootObject = F11B91D41D3E150100B8F78F /* Project object */;
}
